
Microsoft Visual Studio Solution File, Format Version 12.00
# Visual Studio Version 16
VisualStudioVersion = 16.0.30204.135
MinimumVisualStudioVersion = 10.0.40219.1
Project("{FAE04EC0-301F-11D3-BF4B-00C04F79EFBC}") = "StringCalculator", "StringCalculator\StringCalculator.csproj", "{7E588A73-C9B0-48B2-81FF-EE7AFC3E212C}"
EndProject
Project("{FAE04EC0-301F-11D3-BF4B-00C04F79EFBC}") = "StringCalculator.TEST", "StringCalculator.TEST\StringCalculator.TEST.csproj", "{216DE89C-554E-4120-9395-09922E598961}"
EndProject
Global
	GlobalSection(SolutionConfigurationPlatforms) = preSolution
		Debug|Any CPU = Debug|Any CPU
		Release|Any CPU = Release|Any CPU
	EndGlobalSection
	GlobalSection(ProjectConfigurationPlatforms) = postSolution
		{7E588A73-C9B0-48B2-81FF-EE7AFC3E212C}.Debug|Any CPU.ActiveCfg = Debug|Any CPU
		{7E588A73-C9B0-48B2-81FF-EE7AFC3E212C}.Debug|Any CPU.Build.0 = Debug|Any CPU
		{7E588A73-C9B0-48B2-81FF-EE7AFC3E212C}.Release|Any CPU.ActiveCfg = Release|Any CPU
		{7E588A73-C9B0-48B2-81FF-EE7AFC3E212C}.Release|Any CPU.Build.0 = Release|Any CPU
		{216DE89C-554E-4120-9395-09922E598961}.Debug|Any CPU.ActiveCfg = Debug|Any CPU
		{216DE89C-554E-4120-9395-09922E598961}.Debug|Any CPU.Build.0 = Debug|Any CPU
		{216DE89C-554E-4120-9395-09922E598961}.Release|Any CPU.ActiveCfg = Release|Any CPU
		{216DE89C-554E-4120-9395-09922E598961}.Release|Any CPU.Build.0 = Release|Any CPU
	EndGlobalSection
	GlobalSection(SolutionProperties) = preSolution
		HideSolutionNode = FALSE
	EndGlobalSection
	GlobalSection(ExtensibilityGlobals) = postSolution
		SolutionGuid = {D1E38A30-920B-4750-8635-DB4A692A1DCF}
	EndGlobalSection
EndGlobal
